// !$*UTF8*$!
{
	archiveVersion = 1;
	classes = {
	};
	objectVersion = 50;
	objects = {

/* Begin PBXBuildFile section */
		33BADCC1247DD9D800E09783 /* AppDelegate.swift in Sources */ = {isa = PBXBuildFile; fileRef = 33BADCC0247DD9D800E09783 /* AppDelegate.swift */; };
		33BADCC3247DD9D800E09783 /* SceneDelegate.swift in Sources */ = {isa = PBXBuildFile; fileRef = 33BADCC2247DD9D800E09783 /* SceneDelegate.swift */; };
		33BADCC5247DD9D800E09783 /* DetailVC.swift in Sources */ = {isa = PBXBuildFile; fileRef = 33BADCC4247DD9D800E09783 /* DetailVC.swift */; };
		33BADCCA247DD9DA00E09783 /* Assets.xcassets in Resources */ = {isa = PBXBuildFile; fileRef = 33BADCC9247DD9DA00E09783 /* Assets.xcassets */; };
		33BADCCD247DD9DA00E09783 /* LaunchScreen.storyboard in Resources */ = {isa = PBXBuildFile; fileRef = 33BADCCB247DD9DA00E09783 /* LaunchScreen.storyboard */; };
		33BADCD5247DDA1F00E09783 /* TheTableViewC.swift in Sources */ = {isa = PBXBuildFile; fileRef = 33BADCD4247DDA1F00E09783 /* TheTableViewC.swift */; };
		33BC39AF247E2AC600FD4B1E /* Coordinator.swift in Sources */ = {isa = PBXBuildFile; fileRef = 33BC39AE247E2AC600FD4B1E /* Coordinator.swift */; };
		33BC39B1247E2AEA00FD4B1E /* SplitCoordinator.swift in Sources */ = {isa = PBXBuildFile; fileRef = 33BC39B0247E2AEA00FD4B1E /* SplitCoordinator.swift */; };
/* End PBXBuildFile section */

/* Begin PBXFileReference section */
		33BADCBD247DD9D800E09783 /* splittrash.app */ = {isa = PBXFileReference; explicitFileType = wrapper.application; includeInIndex = 0; path = splittrash.app; sourceTree = BUILT_PRODUCTS_DIR; };
		33BADCC0247DD9D800E09783 /* AppDelegate.swift */ = {isa = PBXFileReference; lastKnownFileType = sourcecode.swift; path = AppDelegate.swift; sourceTree = "<group>"; };
		33BADCC2247DD9D800E09783 /* SceneDelegate.swift */ = {isa = PBXFileReference; lastKnownFileType = sourcecode.swift; path = SceneDelegate.swift; sourceTree = "<group>"; };
		33BADCC4247DD9D800E09783 /* DetailVC.swift */ = {isa = PBXFileReference; lastKnownFileType = sourcecode.swift; path = DetailVC.swift; sourceTree = "<group>"; };
		33BADCC9247DD9DA00E09783 /* Assets.xcassets */ = {isa = PBXFileReference; lastKnownFileType = folder.assetcatalog; path = Assets.xcassets; sourceTree = "<group>"; };
		33BADCCC247DD9DA00E09783 /* Base */ = {isa = PBXFileReference; lastKnownFileType = file.storyboard; name = Base; path = Base.lproj/LaunchScreen.storyboard; sourceTree = "<group>"; };
		33BADCCE247DD9DA00E09783 /* Info.plist */ = {isa = PBXFileReference; lastKnownFileType = text.plist.xml; path = Info.plist; sourceTree = "<group>"; };
		33BADCD4247DDA1F00E09783 /* TheTableViewC.swift */ = {isa = PBXFileReference; lastKnownFileType = sourcecode.swift; path = TheTableViewC.swift; sourceTree = "<group>"; };
		33BC39AE247E2AC600FD4B1E /* Coordinator.swift */ = {isa = PBXFileReference; fileEncoding = 4; lastKnownFileType = sourcecode.swift; path = Coordinator.swift; sourceTree = "<group>"; };
		33BC39B0247E2AEA00FD4B1E /* SplitCoordinator.swift */ = {isa = PBXFileReference; lastKnownFileType = sourcecode.swift; path = SplitCoordinator.swift; sourceTree = "<group>"; };
/* End PBXFileReference section */

/* Begin PBXFrameworksBuildPhase section */
		33BADCBA247DD9D800E09783 /* Frameworks */ = {
			isa = PBXFrameworksBuildPhase;
			buildActionMask = 2147483647;
			files = (
			);
			runOnlyForDeploymentPostprocessing = 0;
		};
/* End PBXFrameworksBuildPhase section */

/* Begin PBXGroup section */
		33BADCB4247DD9D800E09783 = {
			isa = PBXGroup;
			children = (
				33BADCBF247DD9D800E09783 /* splittrash */,
				33BADCBE247DD9D800E09783 /* Products */,
			);
			sourceTree = "<group>";
		};
		33BADCBE247DD9D800E09783 /* Products */ = {
			isa = PBXGroup;
			children = (
				33BADCBD247DD9D800E09783 /* splittrash.app */,
			);
			name = Products;
			sourceTree = "<group>";
		};
		33BADCBF247DD9D800E09783 /* splittrash */ = {
			isa = PBXGroup;
			children = (
				33BC39AD247E2AB200FD4B1E /* Coordinator */,
				33BADCC0247DD9D800E09783 /* AppDelegate.swift */,
				33BADCC2247DD9D800E09783 /* SceneDelegate.swift */,
				33BADCC4247DD9D800E09783 /* DetailVC.swift */,
				33BADCD4247DDA1F00E09783 /* TheTableViewC.swift */,
				33BADCC9247DD9DA00E09783 /* Assets.xcassets */,
				33BADCCB247DD9DA00E09783 /* LaunchScreen.storyboard */,
				33BADCCE247DD9DA00E09783 /* Info.plist */,
			);
			path = splittrash;
			sourceTree = "<group>";
		};
		33BC39AD247E2AB200FD4B1E /* Coordinator */ = {
			isa = PBXGroup;
			children = (
				33BC39AE247E2AC600FD4B1E /* Coordinator.swift */,
				33BC39B0247E2AEA00FD4B1E /* SplitCoordinator.swift */,
			);
			path = Coordinator;
			sourceTree = "<group>";
		};
/* End PBXGroup section */

/* Begin PBXNativeTarget section */
		33BADCBC247DD9D800E09783 /* splittrash */ = {
			isa = PBXNativeTarget;
			buildConfigurationList = 33BADCD1247DD9DA00E09783 /* Build configuration list for PBXNativeTarget "splittrash" */;
			buildPhases = (
				33BADCB9247DD9D800E09783 /* Sources */,
				33BADCBA247DD9D800E09783 /* Frameworks */,
				33BADCBB247DD9D800E09783 /* Resources */,
			);
			buildRules = (
			);
			dependencies = (
			);
			name = splittrash;
			productName = splittrash;
			productReference = 33BADCBD247DD9D800E09783 /* splittrash.app */;
			productType = "com.apple.product-type.application";
		};
/* End PBXNativeTarget section */

/* Begin PBXProject section */
		33BADCB5247DD9D800E09783 /* Project object */ = {
			isa = PBXProject;
			attributes = {
				LastSwiftUpdateCheck = 1150;
				LastUpgradeCheck = 1150;
				ORGANIZATIONNAME = "Red_Egg Productions";
				TargetAttributes = {
					33BADCBC247DD9D800E09783 = {
						CreatedOnToolsVersion = 11.5;
					};
				};
			};
			buildConfigurationList = 33BADCB8247DD9D800E09783 /* Build configuration list for PBXProject "splittrash" */;
			compatibilityVersion = "Xcode 9.3";
			developmentRegion = en;
			hasScannedForEncodings = 0;
			knownRegions = (
				en,
				Base,
			);
			mainGroup = 33BADCB4247DD9D800E09783;
			productRefGroup = 33BADCBE247DD9D800E09783 /* Products */;
			projectDirPath = "";
			projectRoot = "";
			targets = (
				33BADCBC247DD9D800E09783 /* splittrash */,
			);
		};
/* End PBXProject section */

/* Begin PBXResourcesBuildPhase section */
		33BADCBB247DD9D800E09783 /* Resources */ = {
			isa = PBXResourcesBuildPhase;
			buildActionMask = 2147483647;
			files = (
				33BADCCD247DD9DA00E09783 /* LaunchScreen.storyboard in Resources */,
				33BADCCA247DD9DA00E09783 /* Assets.xcassets in Resources */,
			);
			runOnlyForDeploymentPostprocessing = 0;
		};
/* End PBXResourcesBuildPhase section */

/* Begin PBXSourcesBuildPhase section */
		33BADCB9247DD9D800E09783 /* Sources */ = {
			isa = PBXSourcesBuildPhase;
			buildActionMask = 2147483647;
			files = (
				33BADCC5247DD9D800E09783 /* DetailVC.swift in Sources */,
				33BC39B1247E2AEA00FD4B1E /* SplitCoordinator.swift in Sources */,
				33BADCD5247DDA1F00E09783 /* TheTableViewC.swift in Sources */,
				33BC39AF247E2AC600FD4B1E /* Coordinator.swift in Sources */,
				33BADCC1247DD9D800E09783 /* AppDelegate.swift in Sources */,
				33BADCC3247DD9D800E09783 /* SceneDelegate.swift in Sources */,
			);
			runOnlyForDeploymentPostprocessing = 0;
		};
/* End PBXSourcesBuildPhase section */

/* Begin PBXVariantGroup section */
		33BADCCB247DD9DA00E09783 /* LaunchScreen.storyboard */ = {
			isa = PBXVariantGroup;
			children = (
				33BADCCC247DD9DA00E09783 /* Base */,
			);
			name = LaunchScreen.storyboard;
			sourceTree = "<group>";
		};
/* End PBXVariantGroup section */

/* Begin XCBuildConfiguration section */
		33BADCCF247DD9DA00E09783 /* Debug */ = {
			isa = XCBuildConfiguration;
			buildSettings = {
				ALWAYS_SEARCH_USER_PATHS = NO;
				CLANG_ANALYZER_NONNULL = YES;
				CLANG_ANALYZER_NUMBER_OBJECT_CONVERSION = YES_AGGRESSIVE;
				CLANG_CXX_LANGUAGE_STANDARD = "gnu++14";
				CLANG_CXX_LIBRARY = "libc++";
				CLANG_ENABLE_MODULES = YES;
				CLANG_ENABLE_OBJC_ARC = YES;
				CLANG_ENABLE_OBJC_WEAK = YES;
				CLANG_WARN_BLOCK_CAPTURE_AUTORELEASING = YES;
				CLANG_WARN_BOOL_CONVERSION = YES;
				CLANG_WARN_COMMA = YES;
				CLANG_WARN_CONSTANT_CONVERSION = YES;
				CLANG_WARN_DEPRECATED_OBJC_IMPLEMENTATIONS = YES;
				CLANG_WARN_DIRECT_OBJC_ISA_USAGE = YES_ERROR;
				CLANG_WARN_DOCUMENTATION_COMMENTS = YES;
				CLANG_WARN_EMPTY_BODY = YES;
				CLANG_WARN_ENUM_CONVERSION = YES;
				CLANG_WARN_INFINITE_RECURSION = YES;
				CLANG_WARN_INT_CONVERSION = YES;
				CLANG_WARN_NON_LITERAL_NULL_CONVERSION = YES;
				CLANG_WARN_OBJC_IMPLICIT_RETAIN_SELF = YES;
				CLANG_WARN_OBJC_LITERAL_CONVERSION = YES;
				CLANG_WARN_OBJC_ROOT_CLASS = YES_ERROR;
				CLANG_WARN_RANGE_LOOP_ANALYSIS = YES;
				CLANG_WARN_STRICT_PROTOTYPES = YES;
				CLANG_WARN_SUSPICIOUS_MOVE = YES;
				CLANG_WARN_UNGUARDED_AVAILABILITY = YES_AGGRESSIVE;
				CLANG_WARN_UNREACHABLE_CODE = YES;
				CLANG_WARN__DUPLICATE_METHOD_MATCH = YES;
				COPY_PHASE_STRIP = NO;
				DEBUG_INFORMATION_FORMAT = dwarf;
				ENABLE_STRICT_OBJC_MSGSEND = YES;
				ENABLE_TESTABILITY = YES;
				GCC_C_LANGUAGE_STANDARD = gnu11;
				GCC_DYNAMIC_NO_PIC = NO;
				GCC_NO_COMMON_BLOCKS = YES;
				GCC_OPTIMIZATION_LEVEL = 0;
				GCC_PREPROCESSOR_DEFINITIONS = (
					"DEBUG=1",
					"$(inherited)",
				);
				GCC_WARN_64_TO_32_BIT_CONVERSION = YES;
				GCC_WARN_ABOUT_RETURN_TYPE = YES_ERROR;
				GCC_WARN_UNDECLARED_SELECTOR = YES;
				GCC_WARN_UNINITIALIZED_AUTOS = YES_AGGRESSIVE;
				GCC_WARN_UNUSED_FUNCTION = YES;
				GCC_WARN_UNUSED_VARIABLE = YES;
				IPHONEOS_DEPLOYMENT_TARGET = 13.5;
				MTL_ENABLE_DEBUG_INFO = INCLUDE_SOURCE;
				MTL_FAST_MATH = YES;
				ONLY_ACTIVE_ARCH = YES;
				SDKROOT = iphoneos;
				SWIFT_ACTIVE_COMPILATION_CONDITIONS = DEBUG;
				SWIFT_OPTIMIZATION_LEVEL = "-Onone";
			};
			name = Debug;
		};
		33BADCD0247DD9DA00E09783 /* Release */ = {
			isa = XCBuildConfiguration;
			buildSettings = {
				ALWAYS_SEARCH_USER_PATHS = NO;
				CLANG_ANALYZER_NONNULL = YES;
				CLANG_ANALYZER_NUMBER_OBJECT_CONVERSION = YES_AGGRESSIVE;
				CLANG_CXX_LANGUAGE_STANDARD = "gnu++14";
				CLANG_CXX_LIBRARY = "libc++";
				CLANG_ENABLE_MODULES = YES;
				CLANG_ENABLE_OBJC_ARC = YES;
				CLANG_ENABLE_OBJC_WEAK = YES;
				CLANG_WARN_BLOCK_CAPTURE_AUTORELEASING = YES;
				CLANG_WARN_BOOL_CONVERSION = YES;
				CLANG_WARN_COMMA = YES;
				CLANG_WARN_CONSTANT_CONVERSION = YES;
				CLANG_WARN_DEPRECATED_OBJC_IMPLEMENTATIONS = YES;
				CLANG_WARN_DIRECT_OBJC_ISA_USAGE = YES_ERROR;
				CLANG_WARN_DOCUMENTATION_COMMENTS = YES;
				CLANG_WARN_EMPTY_BODY = YES;
				CLANG_WARN_ENUM_CONVERSION = YES;
				CLANG_WARN_INFINITE_RECURSION = YES;
				CLANG_WARN_INT_CONVERSION = YES;
				CLANG_WARN_NON_LITERAL_NULL_CONVERSION = YES;
				CLANG_WARN_OBJC_IMPLICIT_RETAIN_SELF = YES;
				CLANG_WARN_OBJC_LITERAL_CONVERSION = YES;
				CLANG_WARN_OBJC_ROOT_CLASS = YES_ERROR;
				CLANG_WARN_RANGE_LOOP_ANALYSIS = YES;
				CLANG_WARN_STRICT_PROTOTYPES = YES;
				CLANG_WARN_SUSPICIOUS_MOVE = YES;
				CLANG_WARN_UNGUARDED_AVAILABILITY = YES_AGGRESSIVE;
				CLANG_WARN_UNREACHABLE_CODE = YES;
				CLANG_WARN__DUPLICATE_METHOD_MATCH = YES;
				COPY_PHASE_STRIP = NO;
				DEBUG_INFORMATION_FORMAT = "dwarf-with-dsym";
				ENABLE_NS_ASSERTIONS = NO;
				ENABLE_STRICT_OBJC_MSGSEND = YES;
				GCC_C_LANGUAGE_STANDARD = gnu11;
				GCC_NO_COMMON_BLOCKS = YES;
				GCC_WARN_64_TO_32_BIT_CONVERSION = YES;
				GCC_WARN_ABOUT_RETURN_TYPE = YES_ERROR;
				GCC_WARN_UNDECLARED_SELECTOR = YES;
				GCC_WARN_UNINITIALIZED_AUTOS = YES_AGGRESSIVE;
				GCC_WARN_UNUSED_FUNCTION = YES;
				GCC_WARN_UNUSED_VARIABLE = YES;
				IPHONEOS_DEPLOYMENT_TARGET = 13.5;
				MTL_ENABLE_DEBUG_INFO = NO;
				MTL_FAST_MATH = YES;
				SDKROOT = iphoneos;
				SWIFT_COMPILATION_MODE = wholemodule;
				SWIFT_OPTIMIZATION_LEVEL = "-O";
				VALIDATE_PRODUCT = YES;
			};
			name = Release;
		};
		33BADCD2247DD9DA00E09783 /* Debug */ = {
			isa = XCBuildConfiguration;
			buildSettings = {
				ASSETCATALOG_COMPILER_APPICON_NAME = AppIcon;
				CODE_SIGN_STYLE = Automatic;
				DEVELOPMENT_TEAM = L5UZAT7KA9;
				INFOPLIST_FILE = splittrash/Info.plist;
				LD_RUNPATH_SEARCH_PATHS = (
					"$(inherited)",
					"@executable_path/Frameworks",
				);
				PRODUCT_BUNDLE_IDENTIFIER = com.redeggproductions.splittrash;
				PRODUCT_NAME = "$(TARGET_NAME)";
				SWIFT_VERSION = 5.0;
				TARGETED_DEVICE_FAMILY = "1,2";
			};
			name = Debug;
		};
		33BADCD3247DD9DA00E09783 /* Release */ = {
			isa = XCBuildConfiguration;
			buildSettings = {
				ASSETCATALOG_COMPILER_APPICON_NAME = AppIcon;
				CODE_SIGN_STYLE = Automatic;
				DEVELOPMENT_TEAM = L5UZAT7KA9;
				INFOPLIST_FILE = splittrash/Info.plist;
				LD_RUNPATH_SEARCH_PATHS = (
					"$(inherited)",
					"@executable_path/Frameworks",
				);
				PRODUCT_BUNDLE_IDENTIFIER = com.redeggproductions.splittrash;
				PRODUCT_NAME = "$(TARGET_NAME)";
				SWIFT_VERSION = 5.0;
				TARGETED_DEVICE_FAMILY = "1,2";
			};
			name = Release;
		};
/* End XCBuildConfiguration section */

/* Begin XCConfigurationList section */
		33BADCB8247DD9D800E09783 /* Build configuration list for PBXProject "splittrash" */ = {
			isa = XCConfigurationList;
			buildConfigurations = (
				33BADCCF247DD9DA00E09783 /* Debug */,
				33BADCD0247DD9DA00E09783 /* Release */,
			);
			defaultConfigurationIsVisible = 0;
			defaultConfigurationName = Release;
		};
		33BADCD1247DD9DA00E09783 /* Build configuration list for PBXNativeTarget "splittrash" */ = {
			isa = XCConfigurationList;
			buildConfigurations = (
				33BADCD2247DD9DA00E09783 /* Debug */,
				33BADCD3247DD9DA00E09783 /* Release */,
			);
			defaultConfigurationIsVisible = 0;
			defaultConfigurationName = Release;
		};
/* End XCConfigurationList section */
	};
	rootObject = 33BADCB5247DD9D800E09783 /* Project object */;
}
